{
    "_readme": [
        "This file locks the dependencies of your project to a known state",
        "Read more about it at https://getcomposer.org/doc/01-basic-usage.md#composer-lock-the-lock-file",
        "This file is @generated automatically"
    ],
    "hash": "d13047721e5b1dde3e22a23c1269fbcf",
    "content-hash": "8b9ba61f2688379b42d819103ed4b150",
    "packages": [
        {
            "name": "vector/core",
            "version": "v3.0.10",
            "source": {
                "type": "git",
                "url": "https://github.com/joseph-walker/vector.git",
                "reference": "c423b50040f96e92170a087f5aae191b43a07777"
            },
            "dist": {
                "type": "zip",
                "url": "https://api.github.com/repos/joseph-walker/vector/zipball/c423b50040f96e92170a087f5aae191b43a07777",
                "reference": "c423b50040f96e92170a087f5aae191b43a07777",
                "shasum": ""
            },
            "require-dev": {
                "phpdocumentor/reflection-docblock": "^3.1",
                "phpunit/php-code-coverage": "^3",
                "phpunit/phpunit": "^5.0",
                "satooshi/php-coveralls": "^1.0",
                "symfony/console": "^3.1",
                "symfony/yaml": "^3.0"
            },
            "type": "library",
            "autoload": {
                "psr-4": {
                    "Vector\\": "src/Vector/",
                    "Vector\\Euclid\\": "src/Euclid",
                    "Vector\\Test\\": "tests/"
                }
            },
            "notification-url": "https://packagist.org/downloads/",
            "license": [
                "MIT"
            ],
            "authors": [
                {
                    "name": "Joseph Walker",
                    "email": "joseph.walker@outlook.com"
                }
            ],
            "description": "A functional programming library for PHP",
            "keywords": [
                "compose",
                "curry",
                "functional",
                "monad",
                "utility"
            ],
            "time": "2016-08-15 16:08:10"
        }
    ],
    "packages-dev": [],
    "aliases": [],
    "minimum-stability": "stable",
    "stability-flags": [],
    "prefer-stable": false,
    "prefer-lowest": false,
    "platform": [],
    "platform-dev": []
}
